// !$*UTF8*$!
{
	archiveVersion = 1;
	classes = {
	};
	objectVersion = 50;
	objects = {

/* Begin PBXBuildFile section */
		3F43DB68246B24BC00C892A6 /* SimpleTableViewController.h in Headers */ = {isa = PBXBuildFile; fileRef = 3F43DB58246B24BC00C892A6 /* SimpleTableViewController.h */; settings = {ATTRIBUTES = (Public, ); }; };
		3F43DB6B246B24BC00C892A6 /* SimpleTableViewController.framework in Frameworks */ = {isa = PBXBuildFile; fileRef = 3F43DB56246B24BC00C892A6 /* SimpleTableViewController.framework */; };
		3F43DB6D246B24BC00C892A6 /* SimpleTableViewController.framework in Embed Frameworks */ = {isa = PBXBuildFile; fileRef = 3F43DB56246B24BC00C892A6 /* SimpleTableViewController.framework */; settings = {ATTRIBUTES = (CodeSignOnCopy, RemoveHeadersOnCopy, ); }; };
		3F43DB74246B24C600C892A6 /* SimpleTableViewController.swift in Sources */ = {isa = PBXBuildFile; fileRef = 3F845720246B22EB0082AA07 /* SimpleTableViewController.swift */; };
		3F43DB76246B24D900C892A6 /* SimpleTableViewModelProtocol.swift in Sources */ = {isa = PBXBuildFile; fileRef = 3F43DB75246B24D900C892A6 /* SimpleTableViewModelProtocol.swift */; };
		3F43DB79246B24FB00C892A6 /* APIOptionsViewModel.swift in Sources */ = {isa = PBXBuildFile; fileRef = 3F43DB78246B24FB00C892A6 /* APIOptionsViewModel.swift */; };
		3F43DB92246B253B00C892A6 /* CommonUtils.h in Headers */ = {isa = PBXBuildFile; fileRef = 3F43DB82246B253B00C892A6 /* CommonUtils.h */; settings = {ATTRIBUTES = (Public, ); }; };
		3F43DB95246B253B00C892A6 /* CommonUtils.framework in Frameworks */ = {isa = PBXBuildFile; fileRef = 3F43DB80246B253B00C892A6 /* CommonUtils.framework */; };
		3F43DB96246B253B00C892A6 /* CommonUtils.framework in Embed Frameworks */ = {isa = PBXBuildFile; fileRef = 3F43DB80246B253B00C892A6 /* CommonUtils.framework */; settings = {ATTRIBUTES = (CodeSignOnCopy, RemoveHeadersOnCopy, ); }; };
		3F43DB9D246B254300C892A6 /* UIKit+Utility.swift in Sources */ = {isa = PBXBuildFile; fileRef = 3F845727246B23590082AA07 /* UIKit+Utility.swift */; };
		3F43DB9F246B25D500C892A6 /* SimpleTableDelegate.swift in Sources */ = {isa = PBXBuildFile; fileRef = 3F43DB9E246B25D500C892A6 /* SimpleTableDelegate.swift */; };
		3F43DBA1246B2AA500C892A6 /* MainMenuViewModel.swift in Sources */ = {isa = PBXBuildFile; fileRef = 3F43DBA0246B2AA500C892A6 /* MainMenuViewModel.swift */; };
		3F8456FC246B20980082AA07 /* AppDelegate.swift in Sources */ = {isa = PBXBuildFile; fileRef = 3F8456FB246B20980082AA07 /* AppDelegate.swift */; };
		3F845700246B20980082AA07 /* MainMenuViewController.swift in Sources */ = {isa = PBXBuildFile; fileRef = 3F8456FF246B20980082AA07 /* MainMenuViewController.swift */; };
		3F845705246B209C0082AA07 /* Assets.xcassets in Resources */ = {isa = PBXBuildFile; fileRef = 3F845704246B209C0082AA07 /* Assets.xcassets */; };
		3F845708246B209C0082AA07 /* LaunchScreen.storyboard in Resources */ = {isa = PBXBuildFile; fileRef = 3F845706246B209C0082AA07 /* LaunchScreen.storyboard */; };
		3F845713246B209C0082AA07 /* MenuDrivenSampleTests.swift in Sources */ = {isa = PBXBuildFile; fileRef = 3F845712246B209C0082AA07 /* MenuDrivenSampleTests.swift */; };
		3F84571F246B21D30082AA07 /* API.swift in Sources */ = {isa = PBXBuildFile; fileRef = 3F84571E246B21D30082AA07 /* API.swift */; };
		3FAFA0A7246B979200AF6F1D /* Networker.swift in Sources */ = {isa = PBXBuildFile; fileRef = 3FAFA0A6246B979200AF6F1D /* Networker.swift */; };
		3FAFA0AA246B984000AF6F1D /* JSONPlaceholder.swift in Sources */ = {isa = PBXBuildFile; fileRef = 3FAFA0A9246B984000AF6F1D /* JSONPlaceholder.swift */; };
		3FAFA0AD246B988200AF6F1D /* posts.json in Resources */ = {isa = PBXBuildFile; fileRef = 3FAFA0AC246B988200AF6F1D /* posts.json */; };
		3FAFA0AF246B98A600AF6F1D /* albums.json in Resources */ = {isa = PBXBuildFile; fileRef = 3FAFA0AE246B98A600AF6F1D /* albums.json */; };
		3FAFA0B1246B98B100AF6F1D /* comments.json in Resources */ = {isa = PBXBuildFile; fileRef = 3FAFA0B0246B98B100AF6F1D /* comments.json */; };
		3FAFA0B3246B98BB00AF6F1D /* photos.json in Resources */ = {isa = PBXBuildFile; fileRef = 3FAFA0B2246B98BB00AF6F1D /* photos.json */; };
		3FAFA0B5246B98BF00AF6F1D /* todos.json in Resources */ = {isa = PBXBuildFile; fileRef = 3FAFA0B4246B98BF00AF6F1D /* todos.json */; };
		3FAFA0B7246B98C200AF6F1D /* users.json in Resources */ = {isa = PBXBuildFile; fileRef = 3FAFA0B6246B98C200AF6F1D /* users.json */; };
		3FAFA0B9246B98CF00AF6F1D /* MockAPI.swift in Sources */ = {isa = PBXBuildFile; fileRef = 3FAFA0B8246B98CF00AF6F1D /* MockAPI.swift */; };
		3FAFA0BB246B99A100AF6F1D /* Posts.swift in Sources */ = {isa = PBXBuildFile; fileRef = 3FAFA0BA246B99A100AF6F1D /* Posts.swift */; };
		3FAFA0BD246B99A600AF6F1D /* Comments.swift in Sources */ = {isa = PBXBuildFile; fileRef = 3FAFA0BC246B99A600AF6F1D /* Comments.swift */; };
		3FAFA0BF246B99AC00AF6F1D /* Albums.swift in Sources */ = {isa = PBXBuildFile; fileRef = 3FAFA0BE246B99AC00AF6F1D /* Albums.swift */; };
		3FAFA0C1246B99B300AF6F1D /* Photos.swift in Sources */ = {isa = PBXBuildFile; fileRef = 3FAFA0C0246B99B300AF6F1D /* Photos.swift */; };
		3FAFA0C3246B99BD00AF6F1D /* Todos.swift in Sources */ = {isa = PBXBuildFile; fileRef = 3FAFA0C2246B99BD00AF6F1D /* Todos.swift */; };
		3FAFA0C5246B99C300AF6F1D /* Users.swift in Sources */ = {isa = PBXBuildFile; fileRef = 3FAFA0C4246B99C300AF6F1D /* Users.swift */; };
/* End PBXBuildFile section */

/* Begin PBXContainerItemProxy section */
		3F43DB69246B24BC00C892A6 /* PBXContainerItemProxy */ = {
			isa = PBXContainerItemProxy;
			containerPortal = 3F8456F0246B20980082AA07 /* Project object */;
			proxyType = 1;
			remoteGlobalIDString = 3F43DB55246B24BC00C892A6;
			remoteInfo = SimpleTableViewController;
		};
		3F43DB93246B253B00C892A6 /* PBXContainerItemProxy */ = {
			isa = PBXContainerItemProxy;
			containerPortal = 3F8456F0246B20980082AA07 /* Project object */;
			proxyType = 1;
			remoteGlobalIDString = 3F43DB7F246B253B00C892A6;
			remoteInfo = CommonUtils;
		};
		3F84570F246B209C0082AA07 /* PBXContainerItemProxy */ = {
			isa = PBXContainerItemProxy;
			containerPortal = 3F8456F0246B20980082AA07 /* Project object */;
			proxyType = 1;
			remoteGlobalIDString = 3F8456F7246B20980082AA07;
			remoteInfo = MenuDrivenSample;
		};
/* End PBXContainerItemProxy section */

/* Begin PBXCopyFilesBuildPhase section */
		3F43DB6C246B24BC00C892A6 /* Embed Frameworks */ = {
			isa = PBXCopyFilesBuildPhase;
			buildActionMask = 2147483647;
			dstPath = "";
			dstSubfolderSpec = 10;
			files = (
				3F43DB6D246B24BC00C892A6 /* SimpleTableViewController.framework in Embed Frameworks */,
				3F43DB96246B253B00C892A6 /* CommonUtils.framework in Embed Frameworks */,
			);
			name = "Embed Frameworks";
			runOnlyForDeploymentPostprocessing = 0;
		};
/* End PBXCopyFilesBuildPhase section */

/* Begin PBXFileReference section */
		3F43DB56246B24BC00C892A6 /* SimpleTableViewController.framework */ = {isa = PBXFileReference; explicitFileType = wrapper.framework; includeInIndex = 0; path = SimpleTableViewController.framework; sourceTree = BUILT_PRODUCTS_DIR; };
		3F43DB58246B24BC00C892A6 /* SimpleTableViewController.h */ = {isa = PBXFileReference; lastKnownFileType = sourcecode.c.h; path = SimpleTableViewController.h; sourceTree = "<group>"; };
		3F43DB59246B24BC00C892A6 /* Info.plist */ = {isa = PBXFileReference; lastKnownFileType = text.plist.xml; path = Info.plist; sourceTree = "<group>"; };
		3F43DB75246B24D900C892A6 /* SimpleTableViewModelProtocol.swift */ = {isa = PBXFileReference; lastKnownFileType = sourcecode.swift; path = SimpleTableViewModelProtocol.swift; sourceTree = "<group>"; };
		3F43DB78246B24FB00C892A6 /* APIOptionsViewModel.swift */ = {isa = PBXFileReference; lastKnownFileType = sourcecode.swift; path = APIOptionsViewModel.swift; sourceTree = "<group>"; };
		3F43DB80246B253B00C892A6 /* CommonUtils.framework */ = {isa = PBXFileReference; explicitFileType = wrapper.framework; includeInIndex = 0; path = CommonUtils.framework; sourceTree = BUILT_PRODUCTS_DIR; };
		3F43DB82246B253B00C892A6 /* CommonUtils.h */ = {isa = PBXFileReference; lastKnownFileType = sourcecode.c.h; path = CommonUtils.h; sourceTree = "<group>"; };
		3F43DB83246B253B00C892A6 /* Info.plist */ = {isa = PBXFileReference; lastKnownFileType = text.plist.xml; path = Info.plist; sourceTree = "<group>"; };
		3F43DB9E246B25D500C892A6 /* SimpleTableDelegate.swift */ = {isa = PBXFileReference; lastKnownFileType = sourcecode.swift; path = SimpleTableDelegate.swift; sourceTree = "<group>"; };
		3F43DBA0246B2AA500C892A6 /* MainMenuViewModel.swift */ = {isa = PBXFileReference; lastKnownFileType = sourcecode.swift; path = MainMenuViewModel.swift; sourceTree = "<group>"; };
		3F8456F8246B20980082AA07 /* MenuDrivenSample.app */ = {isa = PBXFileReference; explicitFileType = wrapper.application; includeInIndex = 0; path = MenuDrivenSample.app; sourceTree = BUILT_PRODUCTS_DIR; };
		3F8456FB246B20980082AA07 /* AppDelegate.swift */ = {isa = PBXFileReference; lastKnownFileType = sourcecode.swift; path = AppDelegate.swift; sourceTree = "<group>"; };
		3F8456FF246B20980082AA07 /* MainMenuViewController.swift */ = {isa = PBXFileReference; lastKnownFileType = sourcecode.swift; path = MainMenuViewController.swift; sourceTree = "<group>"; };
		3F845704246B209C0082AA07 /* Assets.xcassets */ = {isa = PBXFileReference; lastKnownFileType = folder.assetcatalog; path = Assets.xcassets; sourceTree = "<group>"; };
		3F845707246B209C0082AA07 /* Base */ = {isa = PBXFileReference; lastKnownFileType = file.storyboard; name = Base; path = Base.lproj/LaunchScreen.storyboard; sourceTree = "<group>"; };
		3F845709246B209C0082AA07 /* Info.plist */ = {isa = PBXFileReference; lastKnownFileType = text.plist.xml; path = Info.plist; sourceTree = "<group>"; };
		3F84570E246B209C0082AA07 /* MenuDrivenSampleTests.xctest */ = {isa = PBXFileReference; explicitFileType = wrapper.cfbundle; includeInIndex = 0; path = MenuDrivenSampleTests.xctest; sourceTree = BUILT_PRODUCTS_DIR; };
		3F845712246B209C0082AA07 /* MenuDrivenSampleTests.swift */ = {isa = PBXFileReference; lastKnownFileType = sourcecode.swift; path = MenuDrivenSampleTests.swift; sourceTree = "<group>"; };
		3F845714246B209C0082AA07 /* Info.plist */ = {isa = PBXFileReference; lastKnownFileType = text.plist.xml; path = Info.plist; sourceTree = "<group>"; };
		3F84571E246B21D30082AA07 /* API.swift */ = {isa = PBXFileReference; lastKnownFileType = sourcecode.swift; path = API.swift; sourceTree = "<group>"; };
		3F845720246B22EB0082AA07 /* SimpleTableViewController.swift */ = {isa = PBXFileReference; lastKnownFileType = sourcecode.swift; path = SimpleTableViewController.swift; sourceTree = "<group>"; };
		3F845727246B23590082AA07 /* UIKit+Utility.swift */ = {isa = PBXFileReference; lastKnownFileType = sourcecode.swift; path = "UIKit+Utility.swift"; sourceTree = "<group>"; };
		3FAFA0A6246B979200AF6F1D /* Networker.swift */ = {isa = PBXFileReference; lastKnownFileType = sourcecode.swift; path = Networker.swift; sourceTree = "<group>"; };
		3FAFA0A9246B984000AF6F1D /* JSONPlaceholder.swift */ = {isa = PBXFileReference; lastKnownFileType = sourcecode.swift; path = JSONPlaceholder.swift; sourceTree = "<group>"; };
		3FAFA0AC246B988200AF6F1D /* posts.json */ = {isa = PBXFileReference; fileEncoding = 4; lastKnownFileType = text.json; path = posts.json; sourceTree = "<group>"; };
		3FAFA0AE246B98A600AF6F1D /* albums.json */ = {isa = PBXFileReference; fileEncoding = 4; lastKnownFileType = text.json; path = albums.json; sourceTree = "<group>"; };
		3FAFA0B0246B98B100AF6F1D /* comments.json */ = {isa = PBXFileReference; fileEncoding = 4; lastKnownFileType = text.json; path = comments.json; sourceTree = "<group>"; };
		3FAFA0B2246B98BB00AF6F1D /* photos.json */ = {isa = PBXFileReference; fileEncoding = 4; lastKnownFileType = text.json; path = photos.json; sourceTree = "<group>"; };
		3FAFA0B4246B98BF00AF6F1D /* todos.json */ = {isa = PBXFileReference; fileEncoding = 4; lastKnownFileType = text.json; path = todos.json; sourceTree = "<group>"; };
		3FAFA0B6246B98C200AF6F1D /* users.json */ = {isa = PBXFileReference; fileEncoding = 4; lastKnownFileType = text.json; path = users.json; sourceTree = "<group>"; };
		3FAFA0B8246B98CF00AF6F1D /* MockAPI.swift */ = {isa = PBXFileReference; lastKnownFileType = sourcecode.swift; path = MockAPI.swift; sourceTree = "<group>"; };
		3FAFA0BA246B99A100AF6F1D /* Posts.swift */ = {isa = PBXFileReference; lastKnownFileType = sourcecode.swift; path = Posts.swift; sourceTree = "<group>"; };
		3FAFA0BC246B99A600AF6F1D /* Comments.swift */ = {isa = PBXFileReference; lastKnownFileType = sourcecode.swift; path = Comments.swift; sourceTree = "<group>"; };
		3FAFA0BE246B99AC00AF6F1D /* Albums.swift */ = {isa = PBXFileReference; lastKnownFileType = sourcecode.swift; path = Albums.swift; sourceTree = "<group>"; };
		3FAFA0C0246B99B300AF6F1D /* Photos.swift */ = {isa = PBXFileReference; lastKnownFileType = sourcecode.swift; path = Photos.swift; sourceTree = "<group>"; };
		3FAFA0C2246B99BD00AF6F1D /* Todos.swift */ = {isa = PBXFileReference; lastKnownFileType = sourcecode.swift; path = Todos.swift; sourceTree = "<group>"; };
		3FAFA0C4246B99C300AF6F1D /* Users.swift */ = {isa = PBXFileReference; lastKnownFileType = sourcecode.swift; path = Users.swift; sourceTree = "<group>"; };
/* End PBXFileReference section */

/* Begin PBXFrameworksBuildPhase section */
		3F43DB53246B24BC00C892A6 /* Frameworks */ = {
			isa = PBXFrameworksBuildPhase;
			buildActionMask = 2147483647;
			files = (
			);
			runOnlyForDeploymentPostprocessing = 0;
		};
		3F43DB7D246B253B00C892A6 /* Frameworks */ = {
			isa = PBXFrameworksBuildPhase;
			buildActionMask = 2147483647;
			files = (
			);
			runOnlyForDeploymentPostprocessing = 0;
		};
		3F8456F5246B20980082AA07 /* Frameworks */ = {
			isa = PBXFrameworksBuildPhase;
			buildActionMask = 2147483647;
			files = (
				3F43DB6B246B24BC00C892A6 /* SimpleTableViewController.framework in Frameworks */,
				3F43DB95246B253B00C892A6 /* CommonUtils.framework in Frameworks */,
			);
			runOnlyForDeploymentPostprocessing = 0;
		};
		3F84570B246B209C0082AA07 /* Frameworks */ = {
			isa = PBXFrameworksBuildPhase;
			buildActionMask = 2147483647;
			files = (
			);
			runOnlyForDeploymentPostprocessing = 0;
		};
/* End PBXFrameworksBuildPhase section */

/* Begin PBXGroup section */
		3F43DB57246B24BC00C892A6 /* SimpleTableViewController */ = {
			isa = PBXGroup;
			children = (
				3F43DB58246B24BC00C892A6 /* SimpleTableViewController.h */,
				3F43DB9E246B25D500C892A6 /* SimpleTableDelegate.swift */,
				3F845720246B22EB0082AA07 /* SimpleTableViewController.swift */,
				3F43DB75246B24D900C892A6 /* SimpleTableViewModelProtocol.swift */,
				3F43DB59246B24BC00C892A6 /* Info.plist */,
			);
			path = SimpleTableViewController;
			sourceTree = "<group>";
		};
		3F43DB77246B24ED00C892A6 /* ViewModel */ = {
			isa = PBXGroup;
			children = (
				3F43DB78246B24FB00C892A6 /* APIOptionsViewModel.swift */,
				3F43DBA0246B2AA500C892A6 /* MainMenuViewModel.swift */,
			);
			path = ViewModel;
			sourceTree = "<group>";
		};
		3F43DB81246B253B00C892A6 /* CommonUtils */ = {
			isa = PBXGroup;
			children = (
				3F845727246B23590082AA07 /* UIKit+Utility.swift */,
				3F43DB82246B253B00C892A6 /* CommonUtils.h */,
				3F43DB83246B253B00C892A6 /* Info.plist */,
			);
			path = CommonUtils;
			sourceTree = "<group>";
		};
		3F8456EF246B20980082AA07 = {
			isa = PBXGroup;
			children = (
				3F43DB81246B253B00C892A6 /* CommonUtils */,
				3F43DB57246B24BC00C892A6 /* SimpleTableViewController */,
				3F8456FA246B20980082AA07 /* MenuDrivenSample */,
				3F845711246B209C0082AA07 /* MenuDrivenSampleTests */,
				3F8456F9246B20980082AA07 /* Products */,
			);
			sourceTree = "<group>";
		};
		3F8456F9246B20980082AA07 /* Products */ = {
			isa = PBXGroup;
			children = (
				3F8456F8246B20980082AA07 /* MenuDrivenSample.app */,
				3F84570E246B209C0082AA07 /* MenuDrivenSampleTests.xctest */,
				3F43DB56246B24BC00C892A6 /* SimpleTableViewController.framework */,
				3F43DB80246B253B00C892A6 /* CommonUtils.framework */,
			);
			name = Products;
			sourceTree = "<group>";
		};
		3F8456FA246B20980082AA07 /* MenuDrivenSample */ = {
			isa = PBXGroup;
			children = (
				3FAFA0A8246B97F100AF6F1D /* Model */,
				3F845726246B23200082AA07 /* Services */,
				3F845725246B231B0082AA07 /* API */,
				3F845724246B23130082AA07 /* Utility */,
				3F43DB77246B24ED00C892A6 /* ViewModel */,
				3F845723246B23100082AA07 /* View */,
				3F8456FB246B20980082AA07 /* AppDelegate.swift */,
				3F845704246B209C0082AA07 /* Assets.xcassets */,
				3F845706246B209C0082AA07 /* LaunchScreen.storyboard */,
				3F845709246B209C0082AA07 /* Info.plist */,
			);
			path = MenuDrivenSample;
			sourceTree = "<group>";
		};
		3F845711246B209C0082AA07 /* MenuDrivenSampleTests */ = {
			isa = PBXGroup;
			children = (
				3FAFA0B8246B98CF00AF6F1D /* MockAPI.swift */,
				3FAFA0AB246B986B00AF6F1D /* MockJSON */,
				3F845712246B209C0082AA07 /* MenuDrivenSampleTests.swift */,
				3F845714246B209C0082AA07 /* Info.plist */,
			);
			path = MenuDrivenSampleTests;
			sourceTree = "<group>";
		};
		3F845722246B230C0082AA07 /* ViewControllers */ = {
			isa = PBXGroup;
			children = (
				3F8456FF246B20980082AA07 /* MainMenuViewController.swift */,
			);
			path = ViewControllers;
			sourceTree = "<group>";
		};
		3F845723246B23100082AA07 /* View */ = {
			isa = PBXGroup;
			children = (
				3F845722246B230C0082AA07 /* ViewControllers */,
			);
			path = View;
			sourceTree = "<group>";
		};
		3F845724246B23130082AA07 /* Utility */ = {
			isa = PBXGroup;
			children = (
			);
			path = Utility;
			sourceTree = "<group>";
		};
		3F845725246B231B0082AA07 /* API */ = {
			isa = PBXGroup;
			children = (
				3F84571E246B21D30082AA07 /* API.swift */,
			);
			path = API;
			sourceTree = "<group>";
		};
		3F845726246B23200082AA07 /* Services */ = {
			isa = PBXGroup;
			children = (
				3FAFA0A6246B979200AF6F1D /* Networker.swift */,
			);
			path = Services;
			sourceTree = "<group>";
		};
		3FAFA0A8246B97F100AF6F1D /* Model */ = {
			isa = PBXGroup;
			children = (
				3FAFA0A9246B984000AF6F1D /* JSONPlaceholder.swift */,
				3FAFA0BA246B99A100AF6F1D /* Posts.swift */,
				3FAFA0BC246B99A600AF6F1D /* Comments.swift */,
				3FAFA0BE246B99AC00AF6F1D /* Albums.swift */,
				3FAFA0C0246B99B300AF6F1D /* Photos.swift */,
				3FAFA0C2246B99BD00AF6F1D /* Todos.swift */,
				3FAFA0C4246B99C300AF6F1D /* Users.swift */,
			);
			path = Model;
			sourceTree = "<group>";
		};
		3FAFA0AB246B986B00AF6F1D /* MockJSON */ = {
			isa = PBXGroup;
			children = (
				3FAFA0AC246B988200AF6F1D /* posts.json */,
				3FAFA0B0246B98B100AF6F1D /* comments.json */,
				3FAFA0AE246B98A600AF6F1D /* albums.json */,
				3FAFA0B2246B98BB00AF6F1D /* photos.json */,
				3FAFA0B4246B98BF00AF6F1D /* todos.json */,
				3FAFA0B6246B98C200AF6F1D /* users.json */,
			);
			path = MockJSON;
			sourceTree = "<group>";
		};
/* End PBXGroup section */

/* Begin PBXHeadersBuildPhase section */
		3F43DB51246B24BC00C892A6 /* Headers */ = {
			isa = PBXHeadersBuildPhase;
			buildActionMask = 2147483647;
			files = (
				3F43DB68246B24BC00C892A6 /* SimpleTableViewController.h in Headers */,
			);
			runOnlyForDeploymentPostprocessing = 0;
		};
		3F43DB7B246B253B00C892A6 /* Headers */ = {
			isa = PBXHeadersBuildPhase;
			buildActionMask = 2147483647;
			files = (
				3F43DB92246B253B00C892A6 /* CommonUtils.h in Headers */,
			);
			runOnlyForDeploymentPostprocessing = 0;
		};
/* End PBXHeadersBuildPhase section */

/* Begin PBXNativeTarget section */
		3F43DB55246B24BC00C892A6 /* SimpleTableViewController */ = {
			isa = PBXNativeTarget;
			buildConfigurationList = 3F43DB6E246B24BC00C892A6 /* Build configuration list for PBXNativeTarget "SimpleTableViewController" */;
			buildPhases = (
				3F43DB51246B24BC00C892A6 /* Headers */,
				3F43DB52246B24BC00C892A6 /* Sources */,
				3F43DB53246B24BC00C892A6 /* Frameworks */,
				3F43DB54246B24BC00C892A6 /* Resources */,
			);
			buildRules = (
			);
			dependencies = (
			);
			name = SimpleTableViewController;
			productName = SimpleTableViewController;
			productReference = 3F43DB56246B24BC00C892A6 /* SimpleTableViewController.framework */;
			productType = "com.apple.product-type.framework";
		};
		3F43DB7F246B253B00C892A6 /* CommonUtils */ = {
			isa = PBXNativeTarget;
			buildConfigurationList = 3F43DB97246B253B00C892A6 /* Build configuration list for PBXNativeTarget "CommonUtils" */;
			buildPhases = (
				3F43DB7B246B253B00C892A6 /* Headers */,
				3F43DB7C246B253B00C892A6 /* Sources */,
				3F43DB7D246B253B00C892A6 /* Frameworks */,
				3F43DB7E246B253B00C892A6 /* Resources */,
			);
			buildRules = (
			);
			dependencies = (
			);
			name = CommonUtils;
			productName = CommonUtils;
			productReference = 3F43DB80246B253B00C892A6 /* CommonUtils.framework */;
			productType = "com.apple.product-type.framework";
		};
		3F8456F7246B20980082AA07 /* MenuDrivenSample */ = {
			isa = PBXNativeTarget;
			buildConfigurationList = 3F845717246B209C0082AA07 /* Build configuration list for PBXNativeTarget "MenuDrivenSample" */;
			buildPhases = (
				3F8456F4246B20980082AA07 /* Sources */,
				3F8456F5246B20980082AA07 /* Frameworks */,
				3F8456F6246B20980082AA07 /* Resources */,
				3F84571D246B20CF0082AA07 /* SwiftLint */,
				3F43DB6C246B24BC00C892A6 /* Embed Frameworks */,
			);
			buildRules = (
			);
			dependencies = (
				3F43DB6A246B24BC00C892A6 /* PBXTargetDependency */,
				3F43DB94246B253B00C892A6 /* PBXTargetDependency */,
			);
			name = MenuDrivenSample;
			productName = MenuDrivenSample;
			productReference = 3F8456F8246B20980082AA07 /* MenuDrivenSample.app */;
			productType = "com.apple.product-type.application";
		};
		3F84570D246B209C0082AA07 /* MenuDrivenSampleTests */ = {
			isa = PBXNativeTarget;
			buildConfigurationList = 3F84571A246B209C0082AA07 /* Build configuration list for PBXNativeTarget "MenuDrivenSampleTests" */;
			buildPhases = (
				3F84570A246B209C0082AA07 /* Sources */,
				3F84570B246B209C0082AA07 /* Frameworks */,
				3F84570C246B209C0082AA07 /* Resources */,
			);
			buildRules = (
			);
			dependencies = (
				3F845710246B209C0082AA07 /* PBXTargetDependency */,
			);
			name = MenuDrivenSampleTests;
			productName = MenuDrivenSampleTests;
			productReference = 3F84570E246B209C0082AA07 /* MenuDrivenSampleTests.xctest */;
			productType = "com.apple.product-type.bundle.unit-test";
		};
/* End PBXNativeTarget section */

/* Begin PBXProject section */
		3F8456F0246B20980082AA07 /* Project object */ = {
			isa = PBXProject;
			attributes = {
				LastSwiftUpdateCheck = 1130;
				LastUpgradeCheck = 1130;
				ORGANIZATIONNAME = yu;
				TargetAttributes = {
					3F43DB55246B24BC00C892A6 = {
						CreatedOnToolsVersion = 11.3;
					};
					3F43DB7F246B253B00C892A6 = {
						CreatedOnToolsVersion = 11.3;
					};
					3F8456F7246B20980082AA07 = {
						CreatedOnToolsVersion = 11.3;
					};
					3F84570D246B209C0082AA07 = {
						CreatedOnToolsVersion = 11.3;
						TestTargetID = 3F8456F7246B20980082AA07;
					};
				};
			};
			buildConfigurationList = 3F8456F3246B20980082AA07 /* Build configuration list for PBXProject "MenuDrivenSample" */;
			compatibilityVersion = "Xcode 9.3";
			developmentRegion = en;
			hasScannedForEncodings = 0;
			knownRegions = (
				en,
				Base,
			);
			mainGroup = 3F8456EF246B20980082AA07;
			productRefGroup = 3F8456F9246B20980082AA07 /* Products */;
			projectDirPath = "";
			projectRoot = "";
			targets = (
				3F8456F7246B20980082AA07 /* MenuDrivenSample */,
				3F84570D246B209C0082AA07 /* MenuDrivenSampleTests */,
				3F43DB55246B24BC00C892A6 /* SimpleTableViewController */,
				3F43DB7F246B253B00C892A6 /* CommonUtils */,
			);
		};
/* End PBXProject section */

/* Begin PBXResourcesBuildPhase section */
		3F43DB54246B24BC00C892A6 /* Resources */ = {
			isa = PBXResourcesBuildPhase;
			buildActionMask = 2147483647;
			files = (
			);
			runOnlyForDeploymentPostprocessing = 0;
		};
		3F43DB7E246B253B00C892A6 /* Resources */ = {
			isa = PBXResourcesBuildPhase;
			buildActionMask = 2147483647;
			files = (
			);
			runOnlyForDeploymentPostprocessing = 0;
		};
		3F8456F6246B20980082AA07 /* Resources */ = {
			isa = PBXResourcesBuildPhase;
			buildActionMask = 2147483647;
			files = (
				3F845708246B209C0082AA07 /* LaunchScreen.storyboard in Resources */,
				3F845705246B209C0082AA07 /* Assets.xcassets in Resources */,
			);
			runOnlyForDeploymentPostprocessing = 0;
		};
		3F84570C246B209C0082AA07 /* Resources */ = {
			isa = PBXResourcesBuildPhase;
			buildActionMask = 2147483647;
			files = (
				3FAFA0B7246B98C200AF6F1D /* users.json in Resources */,
				3FAFA0B5246B98BF00AF6F1D /* todos.json in Resources */,
				3FAFA0B3246B98BB00AF6F1D /* photos.json in Resources */,
				3FAFA0AD246B988200AF6F1D /* posts.json in Resources */,
				3FAFA0AF246B98A600AF6F1D /* albums.json in Resources */,
				3FAFA0B1246B98B100AF6F1D /* comments.json in Resources */,
			);
			runOnlyForDeploymentPostprocessing = 0;
		};
/* End PBXResourcesBuildPhase section */

/* Begin PBXShellScriptBuildPhase section */
		3F84571D246B20CF0082AA07 /* SwiftLint */ = {
			isa = PBXShellScriptBuildPhase;
			buildActionMask = 2147483647;
			files = (
			);
			inputFileListPaths = (
			);
			inputPaths = (
			);
			name = SwiftLint;
			outputFileListPaths = (
			);
			outputPaths = (
			);
			runOnlyForDeploymentPostprocessing = 0;
			shellPath = /bin/sh;
			shellScript = "if which swiftlint >/dev/null; then\n    swiftlint\nelse\n    echo \"warning: SwiftLint not installed, download from https://github.com/realm/SwiftLint\"\nfi\n";
		};
/* End PBXShellScriptBuildPhase section */

/* Begin PBXSourcesBuildPhase section */
		3F43DB52246B24BC00C892A6 /* Sources */ = {
			isa = PBXSourcesBuildPhase;
			buildActionMask = 2147483647;
			files = (
				3F43DB74246B24C600C892A6 /* SimpleTableViewController.swift in Sources */,
				3F43DB9F246B25D500C892A6 /* SimpleTableDelegate.swift in Sources */,
				3F43DB76246B24D900C892A6 /* SimpleTableViewModelProtocol.swift in Sources */,
			);
			runOnlyForDeploymentPostprocessing = 0;
		};
		3F43DB7C246B253B00C892A6 /* Sources */ = {
			isa = PBXSourcesBuildPhase;
			buildActionMask = 2147483647;
			files = (
				3F43DB9D246B254300C892A6 /* UIKit+Utility.swift in Sources */,
			);
			runOnlyForDeploymentPostprocessing = 0;
		};
		3F8456F4246B20980082AA07 /* Sources */ = {
			isa = PBXSourcesBuildPhase;
			buildActionMask = 2147483647;
			files = (
				3F845700246B20980082AA07 /* MainMenuViewController.swift in Sources */,
				3F84571F246B21D30082AA07 /* API.swift in Sources */,
				3FAFA0BD246B99A600AF6F1D /* Comments.swift in Sources */,
				3F43DBA1246B2AA500C892A6 /* MainMenuViewModel.swift in Sources */,
				3F8456FC246B20980082AA07 /* AppDelegate.swift in Sources */,
				3FAFA0C1246B99B300AF6F1D /* Photos.swift in Sources */,
				3FAFA0BF246B99AC00AF6F1D /* Albums.swift in Sources */,
				3F43DB79246B24FB00C892A6 /* APIOptionsViewModel.swift in Sources */,
				3FAFA0AA246B984000AF6F1D /* JSONPlaceholder.swift in Sources */,
				3FAFA0C5246B99C300AF6F1D /* Users.swift in Sources */,
				3FAFA0A7246B979200AF6F1D /* Networker.swift in Sources */,
				3FAFA0BB246B99A100AF6F1D /* Posts.swift in Sources */,
				3FAFA0C3246B99BD00AF6F1D /* Todos.swift in Sources */,
			);
			runOnlyForDeploymentPostprocessing = 0;
		};
		3F84570A246B209C0082AA07 /* Sources */ = {
			isa = PBXSourcesBuildPhase;
			buildActionMask = 2147483647;
			files = (
				3FAFA0B9246B98CF00AF6F1D /* MockAPI.swift in Sources */,
				3F845713246B209C0082AA07 /* MenuDrivenSampleTests.swift in Sources */,
			);
			runOnlyForDeploymentPostprocessing = 0;
		};
/* End PBXSourcesBuildPhase section */

/* Begin PBXTargetDependency section */
		3F43DB6A246B24BC00C892A6 /* PBXTargetDependency */ = {
			isa = PBXTargetDependency;
			target = 3F43DB55246B24BC00C892A6 /* SimpleTableViewController */;
			targetProxy = 3F43DB69246B24BC00C892A6 /* PBXContainerItemProxy */;
		};
		3F43DB94246B253B00C892A6 /* PBXTargetDependency */ = {
			isa = PBXTargetDependency;
			target = 3F43DB7F246B253B00C892A6 /* CommonUtils */;
			targetProxy = 3F43DB93246B253B00C892A6 /* PBXContainerItemProxy */;
		};
		3F845710246B209C0082AA07 /* PBXTargetDependency */ = {
			isa = PBXTargetDependency;
			target = 3F8456F7246B20980082AA07 /* MenuDrivenSample */;
			targetProxy = 3F84570F246B209C0082AA07 /* PBXContainerItemProxy */;
		};
/* End PBXTargetDependency section */

/* Begin PBXVariantGroup section */
		3F845706246B209C0082AA07 /* LaunchScreen.storyboard */ = {
			isa = PBXVariantGroup;
			children = (
				3F845707246B209C0082AA07 /* Base */,
			);
			name = LaunchScreen.storyboard;
			sourceTree = "<group>";
		};
/* End PBXVariantGroup section */

/* Begin XCBuildConfiguration section */
		3F43DB6F246B24BC00C892A6 /* Debug */ = {
			isa = XCBuildConfiguration;
			buildSettings = {
				CODE_SIGN_STYLE = Automatic;
				CURRENT_PROJECT_VERSION = 1;
				DEFINES_MODULE = YES;
				DYLIB_COMPATIBILITY_VERSION = 1;
				DYLIB_CURRENT_VERSION = 1;
				DYLIB_INSTALL_NAME_BASE = "@rpath";
				INFOPLIST_FILE = SimpleTableViewController/Info.plist;
				INSTALL_PATH = "$(LOCAL_LIBRARY_DIR)/Frameworks";
				IPHONEOS_DEPLOYMENT_TARGET = 11.0;
				LD_RUNPATH_SEARCH_PATHS = (
					"$(inherited)",
					"@executable_path/Frameworks",
					"@loader_path/Frameworks",
				);
				PRODUCT_BUNDLE_IDENTIFIER = yu.SimpleTableViewController;
				PRODUCT_NAME = "$(TARGET_NAME:c99extidentifier)";
				SKIP_INSTALL = YES;
				SWIFT_VERSION = 5.0;
				TARGETED_DEVICE_FAMILY = "1,2";
				VERSIONING_SYSTEM = "apple-generic";
				VERSION_INFO_PREFIX = "";
			};
			name = Debug;
		};
		3F43DB70246B24BC00C892A6 /* Release */ = {
			isa = XCBuildConfiguration;
			buildSettings = {
				CODE_SIGN_STYLE = Automatic;
				CURRENT_PROJECT_VERSION = 1;
				DEFINES_MODULE = YES;
				DYLIB_COMPATIBILITY_VERSION = 1;
				DYLIB_CURRENT_VERSION = 1;
				DYLIB_INSTALL_NAME_BASE = "@rpath";
				INFOPLIST_FILE = SimpleTableViewController/Info.plist;
				INSTALL_PATH = "$(LOCAL_LIBRARY_DIR)/Frameworks";
				IPHONEOS_DEPLOYMENT_TARGET = 11.0;
				LD_RUNPATH_SEARCH_PATHS = (
					"$(inherited)",
					"@executable_path/Frameworks",
					"@loader_path/Frameworks",
				);
				PRODUCT_BUNDLE_IDENTIFIER = yu.SimpleTableViewController;
				PRODUCT_NAME = "$(TARGET_NAME:c99extidentifier)";
				SKIP_INSTALL = YES;
				SWIFT_VERSION = 5.0;
				TARGETED_DEVICE_FAMILY = "1,2";
				VERSIONING_SYSTEM = "apple-generic";
				VERSION_INFO_PREFIX = "";
			};
			name = Release;
		};
		3F43DB98246B253B00C892A6 /* Debug */ = {
			isa = XCBuildConfiguration;
			buildSettings = {
				CODE_SIGN_STYLE = Automatic;
				CURRENT_PROJECT_VERSION = 1;
				DEFINES_MODULE = YES;
				DYLIB_COMPATIBILITY_VERSION = 1;
				DYLIB_CURRENT_VERSION = 1;
				DYLIB_INSTALL_NAME_BASE = "@rpath";
				INFOPLIST_FILE = CommonUtils/Info.plist;
				INSTALL_PATH = "$(LOCAL_LIBRARY_DIR)/Frameworks";
				IPHONEOS_DEPLOYMENT_TARGET = 11.0;
				LD_RUNPATH_SEARCH_PATHS = (
					"$(inherited)",
					"@executable_path/Frameworks",
					"@loader_path/Frameworks",
				);
				PRODUCT_BUNDLE_IDENTIFIER = yu.CommonUtils;
				PRODUCT_NAME = "$(TARGET_NAME:c99extidentifier)";
				SKIP_INSTALL = YES;
				SWIFT_VERSION = 5.0;
				TARGETED_DEVICE_FAMILY = "1,2";
				VERSIONING_SYSTEM = "apple-generic";
				VERSION_INFO_PREFIX = "";
			};
			name = Debug;
		};
		3F43DB99246B253B00C892A6 /* Release */ = {
			isa = XCBuildConfiguration;
			buildSettings = {
				CODE_SIGN_STYLE = Automatic;
				CURRENT_PROJECT_VERSION = 1;
				DEFINES_MODULE = YES;
				DYLIB_COMPATIBILITY_VERSION = 1;
				DYLIB_CURRENT_VERSION = 1;
				DYLIB_INSTALL_NAME_BASE = "@rpath";
				INFOPLIST_FILE = CommonUtils/Info.plist;
				INSTALL_PATH = "$(LOCAL_LIBRARY_DIR)/Frameworks";
				IPHONEOS_DEPLOYMENT_TARGET = 11.0;
				LD_RUNPATH_SEARCH_PATHS = (
					"$(inherited)",
					"@executable_path/Frameworks",
					"@loader_path/Frameworks",
				);
				PRODUCT_BUNDLE_IDENTIFIER = yu.CommonUtils;
				PRODUCT_NAME = "$(TARGET_NAME:c99extidentifier)";
				SKIP_INSTALL = YES;
				SWIFT_VERSION = 5.0;
				TARGETED_DEVICE_FAMILY = "1,2";
				VERSIONING_SYSTEM = "apple-generic";
				VERSION_INFO_PREFIX = "";
			};
			name = Release;
		};
		3F845715246B209C0082AA07 /* Debug */ = {
			isa = XCBuildConfiguration;
			buildSettings = {
				ALWAYS_SEARCH_USER_PATHS = NO;
				CLANG_ANALYZER_NONNULL = YES;
				CLANG_ANALYZER_NUMBER_OBJECT_CONVERSION = YES_AGGRESSIVE;
				CLANG_CXX_LANGUAGE_STANDARD = "gnu++14";
				CLANG_CXX_LIBRARY = "libc++";
				CLANG_ENABLE_MODULES = YES;
				CLANG_ENABLE_OBJC_ARC = YES;
				CLANG_ENABLE_OBJC_WEAK = YES;
				CLANG_WARN_BLOCK_CAPTURE_AUTORELEASING = YES;
				CLANG_WARN_BOOL_CONVERSION = YES;
				CLANG_WARN_COMMA = YES;
				CLANG_WARN_CONSTANT_CONVERSION = YES;
				CLANG_WARN_DEPRECATED_OBJC_IMPLEMENTATIONS = YES;
				CLANG_WARN_DIRECT_OBJC_ISA_USAGE = YES_ERROR;
				CLANG_WARN_DOCUMENTATION_COMMENTS = YES;
				CLANG_WARN_EMPTY_BODY = YES;
				CLANG_WARN_ENUM_CONVERSION = YES;
				CLANG_WARN_INFINITE_RECURSION = YES;
				CLANG_WARN_INT_CONVERSION = YES;
				CLANG_WARN_NON_LITERAL_NULL_CONVERSION = YES;
				CLANG_WARN_OBJC_IMPLICIT_RETAIN_SELF = YES;
				CLANG_WARN_OBJC_LITERAL_CONVERSION = YES;
				CLANG_WARN_OBJC_ROOT_CLASS = YES_ERROR;
				CLANG_WARN_RANGE_LOOP_ANALYSIS = YES;
				CLANG_WARN_STRICT_PROTOTYPES = YES;
				CLANG_WARN_SUSPICIOUS_MOVE = YES;
				CLANG_WARN_UNGUARDED_AVAILABILITY = YES_AGGRESSIVE;
				CLANG_WARN_UNREACHABLE_CODE = YES;
				CLANG_WARN__DUPLICATE_METHOD_MATCH = YES;
				COPY_PHASE_STRIP = NO;
				DEBUG_INFORMATION_FORMAT = dwarf;
				ENABLE_STRICT_OBJC_MSGSEND = YES;
				ENABLE_TESTABILITY = YES;
				GCC_C_LANGUAGE_STANDARD = gnu11;
				GCC_DYNAMIC_NO_PIC = NO;
				GCC_NO_COMMON_BLOCKS = YES;
				GCC_OPTIMIZATION_LEVEL = 0;
				GCC_PREPROCESSOR_DEFINITIONS = (
					"DEBUG=1",
					"$(inherited)",
				);
				GCC_WARN_64_TO_32_BIT_CONVERSION = YES;
				GCC_WARN_ABOUT_RETURN_TYPE = YES_ERROR;
				GCC_WARN_UNDECLARED_SELECTOR = YES;
				GCC_WARN_UNINITIALIZED_AUTOS = YES_AGGRESSIVE;
				GCC_WARN_UNUSED_FUNCTION = YES;
				GCC_WARN_UNUSED_VARIABLE = YES;
				IPHONEOS_DEPLOYMENT_TARGET = 11.0;
				MTL_ENABLE_DEBUG_INFO = INCLUDE_SOURCE;
				MTL_FAST_MATH = YES;
				ONLY_ACTIVE_ARCH = YES;
				SDKROOT = iphoneos;
				SWIFT_ACTIVE_COMPILATION_CONDITIONS = DEBUG;
				SWIFT_OPTIMIZATION_LEVEL = "-Onone";
			};
			name = Debug;
		};
		3F845716246B209C0082AA07 /* Release */ = {
			isa = XCBuildConfiguration;
			buildSettings = {
				ALWAYS_SEARCH_USER_PATHS = NO;
				CLANG_ANALYZER_NONNULL = YES;
				CLANG_ANALYZER_NUMBER_OBJECT_CONVERSION = YES_AGGRESSIVE;
				CLANG_CXX_LANGUAGE_STANDARD = "gnu++14";
				CLANG_CXX_LIBRARY = "libc++";
				CLANG_ENABLE_MODULES = YES;
				CLANG_ENABLE_OBJC_ARC = YES;
				CLANG_ENABLE_OBJC_WEAK = YES;
				CLANG_WARN_BLOCK_CAPTURE_AUTORELEASING = YES;
				CLANG_WARN_BOOL_CONVERSION = YES;
				CLANG_WARN_COMMA = YES;
				CLANG_WARN_CONSTANT_CONVERSION = YES;
				CLANG_WARN_DEPRECATED_OBJC_IMPLEMENTATIONS = YES;
				CLANG_WARN_DIRECT_OBJC_ISA_USAGE = YES_ERROR;
				CLANG_WARN_DOCUMENTATION_COMMENTS = YES;
				CLANG_WARN_EMPTY_BODY = YES;
				CLANG_WARN_ENUM_CONVERSION = YES;
				CLANG_WARN_INFINITE_RECURSION = YES;
				CLANG_WARN_INT_CONVERSION = YES;
				CLANG_WARN_NON_LITERAL_NULL_CONVERSION = YES;
				CLANG_WARN_OBJC_IMPLICIT_RETAIN_SELF = YES;
				CLANG_WARN_OBJC_LITERAL_CONVERSION = YES;
				CLANG_WARN_OBJC_ROOT_CLASS = YES_ERROR;
				CLANG_WARN_RANGE_LOOP_ANALYSIS = YES;
				CLANG_WARN_STRICT_PROTOTYPES = YES;
				CLANG_WARN_SUSPICIOUS_MOVE = YES;
				CLANG_WARN_UNGUARDED_AVAILABILITY = YES_AGGRESSIVE;
				CLANG_WARN_UNREACHABLE_CODE = YES;
				CLANG_WARN__DUPLICATE_METHOD_MATCH = YES;
				COPY_PHASE_STRIP = NO;
				DEBUG_INFORMATION_FORMAT = "dwarf-with-dsym";
				ENABLE_NS_ASSERTIONS = NO;
				ENABLE_STRICT_OBJC_MSGSEND = YES;
				GCC_C_LANGUAGE_STANDARD = gnu11;
				GCC_NO_COMMON_BLOCKS = YES;
				GCC_WARN_64_TO_32_BIT_CONVERSION = YES;
				GCC_WARN_ABOUT_RETURN_TYPE = YES_ERROR;
				GCC_WARN_UNDECLARED_SELECTOR = YES;
				GCC_WARN_UNINITIALIZED_AUTOS = YES_AGGRESSIVE;
				GCC_WARN_UNUSED_FUNCTION = YES;
				GCC_WARN_UNUSED_VARIABLE = YES;
				IPHONEOS_DEPLOYMENT_TARGET = 11.0;
				MTL_ENABLE_DEBUG_INFO = NO;
				MTL_FAST_MATH = YES;
				SDKROOT = iphoneos;
				SWIFT_COMPILATION_MODE = wholemodule;
				SWIFT_OPTIMIZATION_LEVEL = "-O";
				VALIDATE_PRODUCT = YES;
			};
			name = Release;
		};
		3F845718246B209C0082AA07 /* Debug */ = {
			isa = XCBuildConfiguration;
			buildSettings = {
				ALWAYS_EMBED_SWIFT_STANDARD_LIBRARIES = YES;
				ASSETCATALOG_COMPILER_APPICON_NAME = AppIcon;
				CODE_SIGN_STYLE = Automatic;
				INFOPLIST_FILE = MenuDrivenSample/Info.plist;
				IPHONEOS_DEPLOYMENT_TARGET = 11.0;
				LD_RUNPATH_SEARCH_PATHS = (
					"$(inherited)",
					"@executable_path/Frameworks",
				);
				PRODUCT_BUNDLE_IDENTIFIER = yu.MenuDrivenSample;
				PRODUCT_NAME = "$(TARGET_NAME)";
				SWIFT_VERSION = 5.0;
				TARGETED_DEVICE_FAMILY = "1,2";
			};
			name = Debug;
		};
		3F845719246B209C0082AA07 /* Release */ = {
			isa = XCBuildConfiguration;
			buildSettings = {
				ALWAYS_EMBED_SWIFT_STANDARD_LIBRARIES = YES;
				ASSETCATALOG_COMPILER_APPICON_NAME = AppIcon;
				CODE_SIGN_STYLE = Automatic;
				INFOPLIST_FILE = MenuDrivenSample/Info.plist;
				IPHONEOS_DEPLOYMENT_TARGET = 11.0;
				LD_RUNPATH_SEARCH_PATHS = (
					"$(inherited)",
					"@executable_path/Frameworks",
				);
				PRODUCT_BUNDLE_IDENTIFIER = yu.MenuDrivenSample;
				PRODUCT_NAME = "$(TARGET_NAME)";
				SWIFT_VERSION = 5.0;
				TARGETED_DEVICE_FAMILY = "1,2";
			};
			name = Release;
		};
		3F84571B246B209C0082AA07 /* Debug */ = {
			isa = XCBuildConfiguration;
			buildSettings = {
				ALWAYS_EMBED_SWIFT_STANDARD_LIBRARIES = YES;
				BUNDLE_LOADER = "$(TEST_HOST)";
				CODE_SIGN_STYLE = Automatic;
				INFOPLIST_FILE = MenuDrivenSampleTests/Info.plist;
				IPHONEOS_DEPLOYMENT_TARGET = 13.2;
				LD_RUNPATH_SEARCH_PATHS = (
					"$(inherited)",
					"@executable_path/Frameworks",
					"@loader_path/Frameworks",
				);
				PRODUCT_BUNDLE_IDENTIFIER = yu.MenuDrivenSampleTests;
				PRODUCT_NAME = "$(TARGET_NAME)";
				SWIFT_VERSION = 5.0;
				TARGETED_DEVICE_FAMILY = "1,2";
				TEST_HOST = "$(BUILT_PRODUCTS_DIR)/MenuDrivenSample.app/MenuDrivenSample";
			};
			name = Debug;
		};
		3F84571C246B209C0082AA07 /* Release */ = {
			isa = XCBuildConfiguration;
			buildSettings = {
				ALWAYS_EMBED_SWIFT_STANDARD_LIBRARIES = YES;
				BUNDLE_LOADER = "$(TEST_HOST)";
				CODE_SIGN_STYLE = Automatic;
				INFOPLIST_FILE = MenuDrivenSampleTests/Info.plist;
				IPHONEOS_DEPLOYMENT_TARGET = 13.2;
				LD_RUNPATH_SEARCH_PATHS = (
					"$(inherited)",
					"@executable_path/Frameworks",
					"@loader_path/Frameworks",
				);
				PRODUCT_BUNDLE_IDENTIFIER = yu.MenuDrivenSampleTests;
				PRODUCT_NAME = "$(TARGET_NAME)";
				SWIFT_VERSION = 5.0;
				TARGETED_DEVICE_FAMILY = "1,2";
				TEST_HOST = "$(BUILT_PRODUCTS_DIR)/MenuDrivenSample.app/MenuDrivenSample";
			};
			name = Release;
		};
/* End XCBuildConfiguration section */

/* Begin XCConfigurationList section */
		3F43DB6E246B24BC00C892A6 /* Build configuration list for PBXNativeTarget "SimpleTableViewController" */ = {
			isa = XCConfigurationList;
			buildConfigurations = (
				3F43DB6F246B24BC00C892A6 /* Debug */,
				3F43DB70246B24BC00C892A6 /* Release */,
			);
			defaultConfigurationIsVisible = 0;
			defaultConfigurationName = Release;
		};
		3F43DB97246B253B00C892A6 /* Build configuration list for PBXNativeTarget "CommonUtils" */ = {
			isa = XCConfigurationList;
			buildConfigurations = (
				3F43DB98246B253B00C892A6 /* Debug */,
				3F43DB99246B253B00C892A6 /* Release */,
			);
			defaultConfigurationIsVisible = 0;
			defaultConfigurationName = Release;
		};
		3F8456F3246B20980082AA07 /* Build configuration list for PBXProject "MenuDrivenSample" */ = {
			isa = XCConfigurationList;
			buildConfigurations = (
				3F845715246B209C0082AA07 /* Debug */,
				3F845716246B209C0082AA07 /* Release */,
			);
			defaultConfigurationIsVisible = 0;
			defaultConfigurationName = Release;
		};
		3F845717246B209C0082AA07 /* Build configuration list for PBXNativeTarget "MenuDrivenSample" */ = {
			isa = XCConfigurationList;
			buildConfigurations = (
				3F845718246B209C0082AA07 /* Debug */,
				3F845719246B209C0082AA07 /* Release */,
			);
			defaultConfigurationIsVisible = 0;
			defaultConfigurationName = Release;
		};
		3F84571A246B209C0082AA07 /* Build configuration list for PBXNativeTarget "MenuDrivenSampleTests" */ = {
			isa = XCConfigurationList;
			buildConfigurations = (
				3F84571B246B209C0082AA07 /* Debug */,
				3F84571C246B209C0082AA07 /* Release */,
			);
			defaultConfigurationIsVisible = 0;
			defaultConfigurationName = Release;
		};
/* End XCConfigurationList section */
	};
	rootObject = 3F8456F0246B20980082AA07 /* Project object */;
}
